check_id: ci-rca-classify-failed-checks-block
primitive_slot: command_exit_zero
guard_target: scripts/ci_rca/taxonomy.py
guard_symbol: classify_failure
plan_slug: ci-rca-classify-failure-dedup-fix
graduated_at: '2026-07-22'
graduated_by: implement-agent
check_spec:
  command:
  - python
  - -c
  - "import sys\nsys.path.insert(0, \".\")\nfrom scripts.ci_rca.taxonomy import classify_failure\nlog = (\n    \"=== SLOC ===\\n\"\n    \"  PASS: validate_sloc_limits ok\\n\"\n    \"=== roadmap ===\\n\"\
    \n    \"  FAIL: PLAN-x.yaml: closes_criteria bad\\n\"\n    \"\\n\"\n    \"=== Validation Summary (scope: all) ===\\n\"\n    \"Failed checks:\\n\"\n    \"  - validate_platform_roadmap\\n\"\n)\ncat, chk,\
    \ src = classify_failure(log, None, None)\nprint(cat, chk, src)\nassert cat == \"schema_drift\", cat\nassert chk == \"validate_platform_roadmap\", chk\n"
